// !$*UTF8*$!
{
	archiveVersion = 1;
	classes = {
	};
	objectVersion = 46;
	objects = {

/* Begin PBXBuildFile section */
		3D5E25F8131BFDA5006AB515 /* Cocoa.framework in Frameworks */ = {isa = PBXBuildFile; fileRef = 3D5E25F7131BFDA5006AB515 /* Cocoa.framework */; };
		3D5E2602131BFDA5006AB515 /* InfoPlist.strings in Resources */ = {isa = PBXBuildFile; fileRef = 3D5E2600131BFDA5006AB515 /* InfoPlist.strings */; };
		3D5E2605131BFDA5006AB515 /* main.m in Sources */ = {isa = PBXBuildFile; fileRef = 3D5E2604131BFDA5006AB515 /* main.m */; };
		3D5E2608131BFDA5006AB515 /* Credits.rtf in Resources */ = {isa = PBXBuildFile; fileRef = 3D5E2606131BFDA5006AB515 /* Credits.rtf */; };
		3D5E260B131BFDA5006AB515 /* client_osxAppDelegate.m in Sources */ = {isa = PBXBuildFile; fileRef = 3D5E260A131BFDA5006AB515 /* client_osxAppDelegate.m */; };
		3D5E260E131BFDA5006AB515 /* MainMenu.xib in Resources */ = {isa = PBXBuildFile; fileRef = 3D5E260C131BFDA5006AB515 /* MainMenu.xib */; };
		3D5E2617131C0A5E006AB515 /* IconError.png in Resources */ = {isa = PBXBuildFile; fileRef = 3D5E2614131C0A5D006AB515 /* IconError.png */; };
		3D5E2618131C0A5E006AB515 /* IconInactive.png in Resources */ = {isa = PBXBuildFile; fileRef = 3D5E2615131C0A5D006AB515 /* IconInactive.png */; };
		3D5E2619131C0A5E006AB515 /* IconConnected.png in Resources */ = {isa = PBXBuildFile; fileRef = 3D5E2616131C0A5D006AB515 /* IconConnected.png */; };
		3D5E263D131C15CD006AB515 /* libcore.dylib in Frameworks */ = {isa = PBXBuildFile; fileRef = 3D5E263C131C15CD006AB515 /* libcore.dylib */; };
		3D5E2659131C642E006AB515 /* Icon.png in Resources */ = {isa = PBXBuildFile; fileRef = 3D5E2658131C642E006AB515 /* Icon.png */; };
/* End PBXBuildFile section */

/* Begin PBXFileReference section */
		3D5E25F3131BFDA4006AB515 /* K-Net Client.app */ = {isa = PBXFileReference; explicitFileType = wrapper.application; includeInIndex = 0; path = "K-Net Client.app"; sourceTree = BUILT_PRODUCTS_DIR; };
		3D5E25F7131BFDA5006AB515 /* Cocoa.framework */ = {isa = PBXFileReference; lastKnownFileType = wrapper.framework; name = Cocoa.framework; path = System/Library/Frameworks/Cocoa.framework; sourceTree = SDKROOT; };
		3D5E25FA131BFDA5006AB515 /* AppKit.framework */ = {isa = PBXFileReference; lastKnownFileType = wrapper.framework; name = AppKit.framework; path = System/Library/Frameworks/AppKit.framework; sourceTree = SDKROOT; };
		3D5E25FB131BFDA5006AB515 /* CoreData.framework */ = {isa = PBXFileReference; lastKnownFileType = wrapper.framework; name = CoreData.framework; path = System/Library/Frameworks/CoreData.framework; sourceTree = SDKROOT; };
		3D5E25FC131BFDA5006AB515 /* Foundation.framework */ = {isa = PBXFileReference; lastKnownFileType = wrapper.framework; name = Foundation.framework; path = System/Library/Frameworks/Foundation.framework; sourceTree = SDKROOT; };
		3D5E25FF131BFDA5006AB515 /* client_osx-Info.plist */ = {isa = PBXFileReference; lastKnownFileType = text.plist.xml; path = "client_osx-Info.plist"; sourceTree = "<group>"; };
		3D5E2601131BFDA5006AB515 /* en */ = {isa = PBXFileReference; lastKnownFileType = text.plist.strings; name = en; path = en.lproj/InfoPlist.strings; sourceTree = "<group>"; };
		3D5E2603131BFDA5006AB515 /* client_osx-Prefix.pch */ = {isa = PBXFileReference; lastKnownFileType = sourcecode.c.h; path = "client_osx-Prefix.pch"; sourceTree = "<group>"; };
		3D5E2604131BFDA5006AB515 /* main.m */ = {isa = PBXFileReference; lastKnownFileType = sourcecode.c.objc; path = main.m; sourceTree = "<group>"; };
		3D5E2607131BFDA5006AB515 /* en */ = {isa = PBXFileReference; lastKnownFileType = text.rtf; name = en; path = en.lproj/Credits.rtf; sourceTree = "<group>"; };
		3D5E2609131BFDA5006AB515 /* client_osxAppDelegate.h */ = {isa = PBXFileReference; lastKnownFileType = sourcecode.c.h; path = client_osxAppDelegate.h; sourceTree = "<group>"; };
		3D5E260A131BFDA5006AB515 /* client_osxAppDelegate.m */ = {isa = PBXFileReference; lastKnownFileType = sourcecode.c.objc; path = client_osxAppDelegate.m; sourceTree = "<group>"; };
		3D5E260D131BFDA5006AB515 /* en */ = {isa = PBXFileReference; lastKnownFileType = file.xib; name = en; path = en.lproj/MainMenu.xib; sourceTree = "<group>"; };
		3D5E2614131C0A5D006AB515 /* IconError.png */ = {isa = PBXFileReference; lastKnownFileType = image.png; path = IconError.png; sourceTree = "<group>"; };
		3D5E2615131C0A5D006AB515 /* IconInactive.png */ = {isa = PBXFileReference; lastKnownFileType = image.png; path = IconInactive.png; sourceTree = "<group>"; };
		3D5E2616131C0A5D006AB515 /* IconConnected.png */ = {isa = PBXFileReference; lastKnownFileType = image.png; path = IconConnected.png; sourceTree = "<group>"; };
		3D5E263C131C15CD006AB515 /* libcore.dylib */ = {isa = PBXFileReference; explicitFileType = "compiled.mach-o.dylib"; path = libcore.dylib; sourceTree = SOURCE_ROOT; };
		3D5E2658131C642E006AB515 /* Icon.png */ = {isa = PBXFileReference; lastKnownFileType = image.png; path = Icon.png; sourceTree = "<group>"; };
/* End PBXFileReference section */

/* Begin PBXFrameworksBuildPhase section */
		3D5E25F0131BFDA4006AB515 /* Frameworks */ = {
			isa = PBXFrameworksBuildPhase;
			buildActionMask = 2147483647;
			files = (
				3D5E263D131C15CD006AB515 /* libcore.dylib in Frameworks */,
				3D5E25F8131BFDA5006AB515 /* Cocoa.framework in Frameworks */,
			);
			runOnlyForDeploymentPostprocessing = 0;
		};
/* End PBXFrameworksBuildPhase section */

/* Begin PBXGroup section */
		3D5E25E8131BFDA4006AB515 = {
			isa = PBXGroup;
			children = (
				3D5E263C131C15CD006AB515 /* libcore.dylib */,
				3D5E25FD131BFDA5006AB515 /* client-osx */,
				3D5E25F6131BFDA5006AB515 /* Frameworks */,
				3D5E25F4131BFDA4006AB515 /* Products */,
			);
			sourceTree = "<group>";
		};
		3D5E25F4131BFDA4006AB515 /* Products */ = {
			isa = PBXGroup;
			children = (
				3D5E25F3131BFDA4006AB515 /* K-Net Client.app */,
			);
			name = Products;
			sourceTree = "<group>";
		};
		3D5E25F6131BFDA5006AB515 /* Frameworks */ = {
			isa = PBXGroup;
			children = (
				3D5E25F7131BFDA5006AB515 /* Cocoa.framework */,
				3D5E25F9131BFDA5006AB515 /* Other Frameworks */,
			);
			name = Frameworks;
			sourceTree = "<group>";
		};
		3D5E25F9131BFDA5006AB515 /* Other Frameworks */ = {
			isa = PBXGroup;
			children = (
				3D5E25FA131BFDA5006AB515 /* AppKit.framework */,
				3D5E25FB131BFDA5006AB515 /* CoreData.framework */,
				3D5E25FC131BFDA5006AB515 /* Foundation.framework */,
			);
			name = "Other Frameworks";
			sourceTree = "<group>";
		};
		3D5E25FD131BFDA5006AB515 /* client-osx */ = {
			isa = PBXGroup;
			children = (
				3D5E2614131C0A5D006AB515 /* IconError.png */,
				3D5E2615131C0A5D006AB515 /* IconInactive.png */,
				3D5E2616131C0A5D006AB515 /* IconConnected.png */,
				3D5E2658131C642E006AB515 /* Icon.png */,
				3D5E2609131BFDA5006AB515 /* client_osxAppDelegate.h */,
				3D5E260A131BFDA5006AB515 /* client_osxAppDelegate.m */,
				3D5E260C131BFDA5006AB515 /* MainMenu.xib */,
				3D5E25FE131BFDA5006AB515 /* Supporting Files */,
			);
			path = "client-osx";
			sourceTree = "<group>";
		};
		3D5E25FE131BFDA5006AB515 /* Supporting Files */ = {
			isa = PBXGroup;
			children = (
				3D5E25FF131BFDA5006AB515 /* client_osx-Info.plist */,
				3D5E2600131BFDA5006AB515 /* InfoPlist.strings */,
				3D5E2603131BFDA5006AB515 /* client_osx-Prefix.pch */,
				3D5E2604131BFDA5006AB515 /* main.m */,
				3D5E2606131BFDA5006AB515 /* Credits.rtf */,
			);
			name = "Supporting Files";
			sourceTree = "<group>";
		};
/* End PBXGroup section */

/* Begin PBXNativeTarget section */
		3D5E25F2131BFDA4006AB515 /* client-osx */ = {
			isa = PBXNativeTarget;
			buildConfigurationList = 3D5E2611131BFDA5006AB515 /* Build configuration list for PBXNativeTarget "client-osx" */;
			buildPhases = (
				3D5E25EF131BFDA4006AB515 /* Sources */,
				3D5E25F0131BFDA4006AB515 /* Frameworks */,
				3D5E25F1131BFDA4006AB515 /* Resources */,
			);
			buildRules = (
			);
			dependencies = (
			);
			name = "client-osx";
			productName = "client-osx";
			productReference = 3D5E25F3131BFDA4006AB515 /* K-Net Client.app */;
			productType = "com.apple.product-type.application";
		};
/* End PBXNativeTarget section */

/* Begin PBXProject section */
		3D5E25EA131BFDA4006AB515 /* Project object */ = {
			isa = PBXProject;
			buildConfigurationList = 3D5E25ED131BFDA4006AB515 /* Build configuration list for PBXProject "client-osx" */;
			compatibilityVersion = "Xcode 3.2";
			developmentRegion = English;
			hasScannedForEncodings = 0;
			knownRegions = (
				en,
			);
			mainGroup = 3D5E25E8131BFDA4006AB515;
			productRefGroup = 3D5E25F4131BFDA4006AB515 /* Products */;
			projectDirPath = "";
			projectRoot = "";
			targets = (
				3D5E25F2131BFDA4006AB515 /* client-osx */,
			);
		};
/* End PBXProject section */

/* Begin PBXResourcesBuildPhase section */
		3D5E25F1131BFDA4006AB515 /* Resources */ = {
			isa = PBXResourcesBuildPhase;
			buildActionMask = 2147483647;
			files = (
				3D5E2602131BFDA5006AB515 /* InfoPlist.strings in Resources */,
				3D5E2608131BFDA5006AB515 /* Credits.rtf in Resources */,
				3D5E260E131BFDA5006AB515 /* MainMenu.xib in Resources */,
				3D5E2617131C0A5E006AB515 /* IconError.png in Resources */,
				3D5E2618131C0A5E006AB515 /* IconInactive.png in Resources */,
				3D5E2619131C0A5E006AB515 /* IconConnected.png in Resources */,
				3D5E2659131C642E006AB515 /* Icon.png in Resources */,
			);
			runOnlyForDeploymentPostprocessing = 0;
		};
/* End PBXResourcesBuildPhase section */

/* Begin PBXSourcesBuildPhase section */
		3D5E25EF131BFDA4006AB515 /* Sources */ = {
			isa = PBXSourcesBuildPhase;
			buildActionMask = 2147483647;
			files = (
				3D5E2605131BFDA5006AB515 /* main.m in Sources */,
				3D5E260B131BFDA5006AB515 /* client_osxAppDelegate.m in Sources */,
			);
			runOnlyForDeploymentPostprocessing = 0;
		};
/* End PBXSourcesBuildPhase section */

/* Begin PBXVariantGroup section */
		3D5E2600131BFDA5006AB515 /* InfoPlist.strings */ = {
			isa = PBXVariantGroup;
			children = (
				3D5E2601131BFDA5006AB515 /* en */,
			);
			name = InfoPlist.strings;
			sourceTree = "<group>";
		};
		3D5E2606131BFDA5006AB515 /* Credits.rtf */ = {
			isa = PBXVariantGroup;
			children = (
				3D5E2607131BFDA5006AB515 /* en */,
			);
			name = Credits.rtf;
			sourceTree = "<group>";
		};
		3D5E260C131BFDA5006AB515 /* MainMenu.xib */ = {
			isa = PBXVariantGroup;
			children = (
				3D5E260D131BFDA5006AB515 /* en */,
			);
			name = MainMenu.xib;
			sourceTree = "<group>";
		};
/* End PBXVariantGroup section */

/* Begin XCBuildConfiguration section */
		3D5E260F131BFDA5006AB515 /* Debug */ = {
			isa = XCBuildConfiguration;
			buildSettings = {
				ARCHS = "$(ARCHS_STANDARD_32_64_BIT)";
				GCC_C_LANGUAGE_STANDARD = gnu99;
				GCC_OPTIMIZATION_LEVEL = 0;
				GCC_PREPROCESSOR_DEFINITIONS = DEBUG;
				GCC_VERSION = com.apple.compilers.llvm.clang.1_0;
				GCC_WARN_64_TO_32_BIT_CONVERSION = YES;
				GCC_WARN_ABOUT_RETURN_TYPE = YES;
				GCC_WARN_UNUSED_VARIABLE = YES;
				MACOSX_DEPLOYMENT_TARGET = 10.6;
				ONLY_ACTIVE_ARCH = YES;
				SDKROOT = macosx;
			};
			name = Debug;
		};
		3D5E2610131BFDA5006AB515 /* Release */ = {
			isa = XCBuildConfiguration;
			buildSettings = {
				ARCHS = "$(ARCHS_STANDARD_32_64_BIT)";
				GCC_C_LANGUAGE_STANDARD = gnu99;
				GCC_VERSION = com.apple.compilers.llvm.clang.1_0;
				GCC_WARN_64_TO_32_BIT_CONVERSION = YES;
				GCC_WARN_ABOUT_RETURN_TYPE = YES;
				GCC_WARN_UNUSED_VARIABLE = YES;
				MACOSX_DEPLOYMENT_TARGET = 10.6;
				SDKROOT = macosx;
			};
			name = Release;
		};
		3D5E2612131BFDA5006AB515 /* Debug */ = {
			isa = XCBuildConfiguration;
			buildSettings = {
				ALWAYS_SEARCH_USER_PATHS = NO;
				COPY_PHASE_STRIP = NO;
				GCC_DYNAMIC_NO_PIC = NO;
				GCC_ENABLE_OBJC_EXCEPTIONS = YES;
				GCC_PRECOMPILE_PREFIX_HEADER = YES;
				GCC_PREFIX_HEADER = "client-osx/client_osx-Prefix.pch";
				HEADER_SEARCH_PATHS = "\"$(SRCROOT)\"/../core";
				INFOPLIST_FILE = "client-osx/client_osx-Info.plist";
				LIBRARY_SEARCH_PATHS = (
					"$(inherited)",
					"\"$(SRCROOT)\"",
				);
				PRODUCT_NAME = "K-Net Client";
				WRAPPER_EXTENSION = app;
			};
			name = Debug;
		};
		3D5E2613131BFDA5006AB515 /* Release */ = {
			isa = XCBuildConfiguration;
			buildSettings = {
				ALWAYS_SEARCH_USER_PATHS = NO;
				COPY_PHASE_STRIP = YES;
				DEBUG_INFORMATION_FORMAT = "dwarf-with-dsym";
				GCC_ENABLE_OBJC_EXCEPTIONS = YES;
				GCC_PRECOMPILE_PREFIX_HEADER = YES;
				GCC_PREFIX_HEADER = "client-osx/client_osx-Prefix.pch";
				HEADER_SEARCH_PATHS = "\"$(SRCROOT)\"/../core";
				INFOPLIST_FILE = "client-osx/client_osx-Info.plist";
				LIBRARY_SEARCH_PATHS = (
					"$(inherited)",
					"\"$(SRCROOT)\"",
				);
				PRODUCT_NAME = "K-Net Client";
				WRAPPER_EXTENSION = app;
			};
			name = Release;
		};
/* End XCBuildConfiguration section */

/* Begin XCConfigurationList section */
		3D5E25ED131BFDA4006AB515 /* Build configuration list for PBXProject "client-osx" */ = {
			isa = XCConfigurationList;
			buildConfigurations = (
				3D5E260F131BFDA5006AB515 /* Debug */,
				3D5E2610131BFDA5006AB515 /* Release */,
			);
			defaultConfigurationIsVisible = 0;
			defaultConfigurationName = Release;
		};
		3D5E2611131BFDA5006AB515 /* Build configuration list for PBXNativeTarget "client-osx" */ = {
			isa = XCConfigurationList;
			buildConfigurations = (
				3D5E2612131BFDA5006AB515 /* Debug */,
				3D5E2613131BFDA5006AB515 /* Release */,
			);
			defaultConfigurationIsVisible = 0;
			defaultConfigurationName = Release;
		};
/* End XCConfigurationList section */
	};
	rootObject = 3D5E25EA131BFDA4006AB515 /* Project object */;
}
